// !$*UTF8*$!
{
	archiveVersion = 1;
	classes = {
	};
	objectVersion = 56;
	objects = {

/* Begin PBXBuildFile section */
		AC9B46342CA655100064719B /* USC_KSEA_iOSAppApp.swift in Sources */ = {isa = PBXBuildFile; fileRef = AC9B46332CA655100064719B /* USC_KSEA_iOSAppApp.swift */; };
		AC9B46362CA655100064719B /* ContentView.swift in Sources */ = {isa = PBXBuildFile; fileRef = AC9B46352CA655100064719B /* ContentView.swift */; };
		AC9B46382CA655110064719B /* Assets.xcassets in Resources */ = {isa = PBXBuildFile; fileRef = AC9B46372CA655110064719B /* Assets.xcassets */; };
		AC9B463C2CA655110064719B /* Preview Assets.xcassets in Resources */ = {isa = PBXBuildFile; fileRef = AC9B463B2CA655110064719B /* Preview Assets.xcassets */; };
		AC9B46462CA655110064719B /* USC_KSEA_iOSAppTests.swift in Sources */ = {isa = PBXBuildFile; fileRef = AC9B46452CA655110064719B /* USC_KSEA_iOSAppTests.swift */; };
		AC9B46502CA655110064719B /* USC_KSEA_iOSAppUITests.swift in Sources */ = {isa = PBXBuildFile; fileRef = AC9B464F2CA655110064719B /* USC_KSEA_iOSAppUITests.swift */; };
		AC9B46522CA655110064719B /* USC_KSEA_iOSAppUITestsLaunchTests.swift in Sources */ = {isa = PBXBuildFile; fileRef = AC9B46512CA655110064719B /* USC_KSEA_iOSAppUITestsLaunchTests.swift */; };
/* End PBXBuildFile section */

/* Begin PBXContainerItemProxy section */
		AC9B46422CA655110064719B /* PBXContainerItemProxy */ = {
			isa = PBXContainerItemProxy;
			containerPortal = AC9B46282CA655100064719B /* Project object */;
			proxyType = 1;
			remoteGlobalIDString = AC9B462F2CA655100064719B;
			remoteInfo = "USC-KSEA-iOSApp";
		};
		AC9B464C2CA655110064719B /* PBXContainerItemProxy */ = {
			isa = PBXContainerItemProxy;
			containerPortal = AC9B46282CA655100064719B /* Project object */;
			proxyType = 1;
			remoteGlobalIDString = AC9B462F2CA655100064719B;
			remoteInfo = "USC-KSEA-iOSApp";
		};
/* End PBXContainerItemProxy section */

/* Begin PBXFileReference section */
		AC9B46302CA655100064719B /* USC-KSEA-iOSApp.app */ = {isa = PBXFileReference; explicitFileType = wrapper.application; includeInIndex = 0; path = "USC-KSEA-iOSApp.app"; sourceTree = BUILT_PRODUCTS_DIR; };
		AC9B46332CA655100064719B /* USC_KSEA_iOSAppApp.swift */ = {isa = PBXFileReference; lastKnownFileType = sourcecode.swift; path = USC_KSEA_iOSAppApp.swift; sourceTree = "<group>"; };
		AC9B46352CA655100064719B /* ContentView.swift */ = {isa = PBXFileReference; lastKnownFileType = sourcecode.swift; path = ContentView.swift; sourceTree = "<group>"; };
		AC9B46372CA655110064719B /* Assets.xcassets */ = {isa = PBXFileReference; lastKnownFileType = folder.assetcatalog; path = Assets.xcassets; sourceTree = "<group>"; };
		AC9B46392CA655110064719B /* USC_KSEA_iOSApp.entitlements */ = {isa = PBXFileReference; lastKnownFileType = text.plist.entitlements; path = USC_KSEA_iOSApp.entitlements; sourceTree = "<group>"; };
		AC9B463B2CA655110064719B /* Preview Assets.xcassets */ = {isa = PBXFileReference; lastKnownFileType = folder.assetcatalog; path = "Preview Assets.xcassets"; sourceTree = "<group>"; };
		AC9B46412CA655110064719B /* USC-KSEA-iOSAppTests.xctest */ = {isa = PBXFileReference; explicitFileType = wrapper.cfbundle; includeInIndex = 0; path = "USC-KSEA-iOSAppTests.xctest"; sourceTree = BUILT_PRODUCTS_DIR; };
		AC9B46452CA655110064719B /* USC_KSEA_iOSAppTests.swift */ = {isa = PBXFileReference; lastKnownFileType = sourcecode.swift; path = USC_KSEA_iOSAppTests.swift; sourceTree = "<group>"; };
		AC9B464B2CA655110064719B /* USC-KSEA-iOSAppUITests.xctest */ = {isa = PBXFileReference; explicitFileType = wrapper.cfbundle; includeInIndex = 0; path = "USC-KSEA-iOSAppUITests.xctest"; sourceTree = BUILT_PRODUCTS_DIR; };
		AC9B464F2CA655110064719B /* USC_KSEA_iOSAppUITests.swift */ = {isa = PBXFileReference; lastKnownFileType = sourcecode.swift; path = USC_KSEA_iOSAppUITests.swift; sourceTree = "<group>"; };
		AC9B46512CA655110064719B /* USC_KSEA_iOSAppUITestsLaunchTests.swift */ = {isa = PBXFileReference; lastKnownFileType = sourcecode.swift; path = USC_KSEA_iOSAppUITestsLaunchTests.swift; sourceTree = "<group>"; };
/* End PBXFileReference section */

/* Begin PBXFrameworksBuildPhase section */
		AC9B462D2CA655100064719B /* Frameworks */ = {
			isa = PBXFrameworksBuildPhase;
			buildActionMask = 2147483647;
			files = (
			);
			runOnlyForDeploymentPostprocessing = 0;
		};
		AC9B463E2CA655110064719B /* Frameworks */ = {
			isa = PBXFrameworksBuildPhase;
			buildActionMask = 2147483647;
			files = (
			);
			runOnlyForDeploymentPostprocessing = 0;
		};
		AC9B46482CA655110064719B /* Frameworks */ = {
			isa = PBXFrameworksBuildPhase;
			buildActionMask = 2147483647;
			files = (
			);
			runOnlyForDeploymentPostprocessing = 0;
		};
/* End PBXFrameworksBuildPhase section */

/* Begin PBXGroup section */
		AC9B46272CA655100064719B = {
			isa = PBXGroup;
			children = (
				AC9B46322CA655100064719B /* USC-KSEA-iOSApp */,
				AC9B46442CA655110064719B /* USC-KSEA-iOSAppTests */,
				AC9B464E2CA655110064719B /* USC-KSEA-iOSAppUITests */,
				AC9B46312CA655100064719B /* Products */,
			);
			sourceTree = "<group>";
		};
		AC9B46312CA655100064719B /* Products */ = {
			isa = PBXGroup;
			children = (
				AC9B46302CA655100064719B /* USC-KSEA-iOSApp.app */,
				AC9B46412CA655110064719B /* USC-KSEA-iOSAppTests.xctest */,
				AC9B464B2CA655110064719B /* USC-KSEA-iOSAppUITests.xctest */,
			);
			name = Products;
			sourceTree = "<group>";
		};
		AC9B46322CA655100064719B /* USC-KSEA-iOSApp */ = {
			isa = PBXGroup;
			children = (
				AC9B46332CA655100064719B /* USC_KSEA_iOSAppApp.swift */,
				AC9B46352CA655100064719B /* ContentView.swift */,
				AC9B46372CA655110064719B /* Assets.xcassets */,
				AC9B46392CA655110064719B /* USC_KSEA_iOSApp.entitlements */,
				AC9B463A2CA655110064719B /* Preview Content */,
			);
			path = "USC-KSEA-iOSApp";
			sourceTree = "<group>";
		};
		AC9B463A2CA655110064719B /* Preview Content */ = {
			isa = PBXGroup;
			children = (
				AC9B463B2CA655110064719B /* Preview Assets.xcassets */,
			);
			path = "Preview Content";
			sourceTree = "<group>";
		};
		AC9B46442CA655110064719B /* USC-KSEA-iOSAppTests */ = {
			isa = PBXGroup;
			children = (
				AC9B46452CA655110064719B /* USC_KSEA_iOSAppTests.swift */,
			);
			path = "USC-KSEA-iOSAppTests";
			sourceTree = "<group>";
		};
		AC9B464E2CA655110064719B /* USC-KSEA-iOSAppUITests */ = {
			isa = PBXGroup;
			children = (
				AC9B464F2CA655110064719B /* USC_KSEA_iOSAppUITests.swift */,
				AC9B46512CA655110064719B /* USC_KSEA_iOSAppUITestsLaunchTests.swift */,
			);
			path = "USC-KSEA-iOSAppUITests";
			sourceTree = "<group>";
		};
/* End PBXGroup section */

/* Begin PBXNativeTarget section */
		AC9B462F2CA655100064719B /* USC-KSEA-iOSApp */ = {
			isa = PBXNativeTarget;
			buildConfigurationList = AC9B46552CA655110064719B /* Build configuration list for PBXNativeTarget "USC-KSEA-iOSApp" */;
			buildPhases = (
				AC9B462C2CA655100064719B /* Sources */,
				AC9B462D2CA655100064719B /* Frameworks */,
				AC9B462E2CA655100064719B /* Resources */,
			);
			buildRules = (
			);
			dependencies = (
			);
			name = "USC-KSEA-iOSApp";
			productName = "USC-KSEA-iOSApp";
			productReference = AC9B46302CA655100064719B /* USC-KSEA-iOSApp.app */;
			productType = "com.apple.product-type.application";
		};
		AC9B46402CA655110064719B /* USC-KSEA-iOSAppTests */ = {
			isa = PBXNativeTarget;
			buildConfigurationList = AC9B46582CA655110064719B /* Build configuration list for PBXNativeTarget "USC-KSEA-iOSAppTests" */;
			buildPhases = (
				AC9B463D2CA655110064719B /* Sources */,
				AC9B463E2CA655110064719B /* Frameworks */,
				AC9B463F2CA655110064719B /* Resources */,
			);
			buildRules = (
			);
			dependencies = (
				AC9B46432CA655110064719B /* PBXTargetDependency */,
			);
			name = "USC-KSEA-iOSAppTests";
			productName = "USC-KSEA-iOSAppTests";
			productReference = AC9B46412CA655110064719B /* USC-KSEA-iOSAppTests.xctest */;
			productType = "com.apple.product-type.bundle.unit-test";
		};
		AC9B464A2CA655110064719B /* USC-KSEA-iOSAppUITests */ = {
			isa = PBXNativeTarget;
			buildConfigurationList = AC9B465B2CA655110064719B /* Build configuration list for PBXNativeTarget "USC-KSEA-iOSAppUITests" */;
			buildPhases = (
				AC9B46472CA655110064719B /* Sources */,
				AC9B46482CA655110064719B /* Frameworks */,
				AC9B46492CA655110064719B /* Resources */,
			);
			buildRules = (
			);
			dependencies = (
				AC9B464D2CA655110064719B /* PBXTargetDependency */,
			);
			name = "USC-KSEA-iOSAppUITests";
			productName = "USC-KSEA-iOSAppUITests";
			productReference = AC9B464B2CA655110064719B /* USC-KSEA-iOSAppUITests.xctest */;
			productType = "com.apple.product-type.bundle.ui-testing";
		};
/* End PBXNativeTarget section */

/* Begin PBXProject section */
		AC9B46282CA655100064719B /* Project object */ = {
			isa = PBXProject;
			attributes = {
				BuildIndependentTargetsInParallel = 1;
				LastSwiftUpdateCheck = 1530;
				LastUpgradeCheck = 1530;
				TargetAttributes = {
					AC9B462F2CA655100064719B = {
						CreatedOnToolsVersion = 15.3;
					};
					AC9B46402CA655110064719B = {
						CreatedOnToolsVersion = 15.3;
						TestTargetID = AC9B462F2CA655100064719B;
					};
					AC9B464A2CA655110064719B = {
						CreatedOnToolsVersion = 15.3;
						TestTargetID = AC9B462F2CA655100064719B;
					};
				};
			};
			buildConfigurationList = AC9B462B2CA655100064719B /* Build configuration list for PBXProject "USC-KSEA-iOSApp" */;
			compatibilityVersion = "Xcode 14.0";
			developmentRegion = en;
			hasScannedForEncodings = 0;
			knownRegions = (
				en,
				Base,
			);
			mainGroup = AC9B46272CA655100064719B;
			productRefGroup = AC9B46312CA655100064719B /* Products */;
			projectDirPath = "";
			projectRoot = "";
			targets = (
				AC9B462F2CA655100064719B /* USC-KSEA-iOSApp */,
				AC9B46402CA655110064719B /* USC-KSEA-iOSAppTests */,
				AC9B464A2CA655110064719B /* USC-KSEA-iOSAppUITests */,
			);
		};
/* End PBXProject section */

/* Begin PBXResourcesBuildPhase section */
		AC9B462E2CA655100064719B /* Resources */ = {
			isa = PBXResourcesBuildPhase;
			buildActionMask = 2147483647;
			files = (
				AC9B463C2CA655110064719B /* Preview Assets.xcassets in Resources */,
				AC9B46382CA655110064719B /* Assets.xcassets in Resources */,
			);
			runOnlyForDeploymentPostprocessing = 0;
		};
		AC9B463F2CA655110064719B /* Resources */ = {
			isa = PBXResourcesBuildPhase;
			buildActionMask = 2147483647;
			files = (
			);
			runOnlyForDeploymentPostprocessing = 0;
		};
		AC9B46492CA655110064719B /* Resources */ = {
			isa = PBXResourcesBuildPhase;
			buildActionMask = 2147483647;
			files = (
			);
			runOnlyForDeploymentPostprocessing = 0;
		};
/* End PBXResourcesBuildPhase section */

/* Begin PBXSourcesBuildPhase section */
		AC9B462C2CA655100064719B /* Sources */ = {
			isa = PBXSourcesBuildPhase;
			buildActionMask = 2147483647;
			files = (
				AC9B46362CA655100064719B /* ContentView.swift in Sources */,
				AC9B46342CA655100064719B /* USC_KSEA_iOSAppApp.swift in Sources */,
			);
			runOnlyForDeploymentPostprocessing = 0;
		};
		AC9B463D2CA655110064719B /* Sources */ = {
			isa = PBXSourcesBuildPhase;
			buildActionMask = 2147483647;
			files = (
				AC9B46462CA655110064719B /* USC_KSEA_iOSAppTests.swift in Sources */,
			);
			runOnlyForDeploymentPostprocessing = 0;
		};
		AC9B46472CA655110064719B /* Sources */ = {
			isa = PBXSourcesBuildPhase;
			buildActionMask = 2147483647;
			files = (
				AC9B46522CA655110064719B /* USC_KSEA_iOSAppUITestsLaunchTests.swift in Sources */,
				AC9B46502CA655110064719B /* USC_KSEA_iOSAppUITests.swift in Sources */,
			);
			runOnlyForDeploymentPostprocessing = 0;
		};
/* End PBXSourcesBuildPhase section */

/* Begin PBXTargetDependency section */
		AC9B46432CA655110064719B /* PBXTargetDependency */ = {
			isa = PBXTargetDependency;
			target = AC9B462F2CA655100064719B /* USC-KSEA-iOSApp */;
			targetProxy = AC9B46422CA655110064719B /* PBXContainerItemProxy */;
		};
		AC9B464D2CA655110064719B /* PBXTargetDependency */ = {
			isa = PBXTargetDependency;
			target = AC9B462F2CA655100064719B /* USC-KSEA-iOSApp */;
			targetProxy = AC9B464C2CA655110064719B /* PBXContainerItemProxy */;
		};
/* End PBXTargetDependency section */

/* Begin XCBuildConfiguration section */
		AC9B46532CA655110064719B /* Debug */ = {
			isa = XCBuildConfiguration;
			buildSettings = {
				ALWAYS_SEARCH_USER_PATHS = NO;
				ASSETCATALOG_COMPILER_GENERATE_SWIFT_ASSET_SYMBOL_EXTENSIONS = YES;
				CLANG_ANALYZER_NONNULL = YES;
				CLANG_ANALYZER_NUMBER_OBJECT_CONVERSION = YES_AGGRESSIVE;
				CLANG_CXX_LANGUAGE_STANDARD = "gnu++20";
				CLANG_ENABLE_MODULES = YES;
				CLANG_ENABLE_OBJC_ARC = YES;
				CLANG_ENABLE_OBJC_WEAK = YES;
				CLANG_WARN_BLOCK_CAPTURE_AUTORELEASING = YES;
				CLANG_WARN_BOOL_CONVERSION = YES;
				CLANG_WARN_COMMA = YES;
				CLANG_WARN_CONSTANT_CONVERSION = YES;
				CLANG_WARN_DEPRECATED_OBJC_IMPLEMENTATIONS = YES;
				CLANG_WARN_DIRECT_OBJC_ISA_USAGE = YES_ERROR;
				CLANG_WARN_DOCUMENTATION_COMMENTS = YES;
				CLANG_WARN_EMPTY_BODY = YES;
				CLANG_WARN_ENUM_CONVERSION = YES;
				CLANG_WARN_INFINITE_RECURSION = YES;
				CLANG_WARN_INT_CONVERSION = YES;
				CLANG_WARN_NON_LITERAL_NULL_CONVERSION = YES;
				CLANG_WARN_OBJC_IMPLICIT_RETAIN_SELF = YES;
				CLANG_WARN_OBJC_LITERAL_CONVERSION = YES;
				CLANG_WARN_OBJC_ROOT_CLASS = YES_ERROR;
				CLANG_WARN_QUOTED_INCLUDE_IN_FRAMEWORK_HEADER = YES;
				CLANG_WARN_RANGE_LOOP_ANALYSIS = YES;
				CLANG_WARN_STRICT_PROTOTYPES = YES;
				CLANG_WARN_SUSPICIOUS_MOVE = YES;
				CLANG_WARN_UNGUARDED_AVAILABILITY = YES_AGGRESSIVE;
				CLANG_WARN_UNREACHABLE_CODE = YES;
				CLANG_WARN__DUPLICATE_METHOD_MATCH = YES;
				COPY_PHASE_STRIP = NO;
				DEBUG_INFORMATION_FORMAT = dwarf;
				ENABLE_STRICT_OBJC_MSGSEND = YES;
				ENABLE_TESTABILITY = YES;
				ENABLE_USER_SCRIPT_SANDBOXING = YES;
				GCC_C_LANGUAGE_STANDARD = gnu17;
				GCC_DYNAMIC_NO_PIC = NO;
				GCC_NO_COMMON_BLOCKS = YES;
				GCC_OPTIMIZATION_LEVEL = 0;
				GCC_PREPROCESSOR_DEFINITIONS = (
					"DEBUG=1",
					"$(inherited)",
				);
				GCC_WARN_64_TO_32_BIT_CONVERSION = YES;
				GCC_WARN_ABOUT_RETURN_TYPE = YES_ERROR;
				GCC_WARN_UNDECLARED_SELECTOR = YES;
				GCC_WARN_UNINITIALIZED_AUTOS = YES_AGGRESSIVE;
				GCC_WARN_UNUSED_FUNCTION = YES;
				GCC_WARN_UNUSED_VARIABLE = YES;
				LOCALIZATION_PREFERS_STRING_CATALOGS = YES;
				MTL_ENABLE_DEBUG_INFO = INCLUDE_SOURCE;
				MTL_FAST_MATH = YES;
				ONLY_ACTIVE_ARCH = YES;
				SWIFT_ACTIVE_COMPILATION_CONDITIONS = "DEBUG $(inherited)";
				SWIFT_OPTIMIZATION_LEVEL = "-Onone";
			};
			name = Debug;
		};
		AC9B46542CA655110064719B /* Release */ = {
			isa = XCBuildConfiguration;
			buildSettings = {
				ALWAYS_SEARCH_USER_PATHS = NO;
				ASSETCATALOG_COMPILER_GENERATE_SWIFT_ASSET_SYMBOL_EXTENSIONS = YES;
				CLANG_ANALYZER_NONNULL = YES;
				CLANG_ANALYZER_NUMBER_OBJECT_CONVERSION = YES_AGGRESSIVE;
				CLANG_CXX_LANGUAGE_STANDARD = "gnu++20";
				CLANG_ENABLE_MODULES = YES;
				CLANG_ENABLE_OBJC_ARC = YES;
				CLANG_ENABLE_OBJC_WEAK = YES;
				CLANG_WARN_BLOCK_CAPTURE_AUTORELEASING = YES;
				CLANG_WARN_BOOL_CONVERSION = YES;
				CLANG_WARN_COMMA = YES;
				CLANG_WARN_CONSTANT_CONVERSION = YES;
				CLANG_WARN_DEPRECATED_OBJC_IMPLEMENTATIONS = YES;
				CLANG_WARN_DIRECT_OBJC_ISA_USAGE = YES_ERROR;
				CLANG_WARN_DOCUMENTATION_COMMENTS = YES;
				CLANG_WARN_EMPTY_BODY = YES;
				CLANG_WARN_ENUM_CONVERSION = YES;
				CLANG_WARN_INFINITE_RECURSION = YES;
				CLANG_WARN_INT_CONVERSION = YES;
				CLANG_WARN_NON_LITERAL_NULL_CONVERSION = YES;
				CLANG_WARN_OBJC_IMPLICIT_RETAIN_SELF = YES;
				CLANG_WARN_OBJC_LITERAL_CONVERSION = YES;
				CLANG_WARN_OBJC_ROOT_CLASS = YES_ERROR;
				CLANG_WARN_QUOTED_INCLUDE_IN_FRAMEWORK_HEADER = YES;
				CLANG_WARN_RANGE_LOOP_ANALYSIS = YES;
				CLANG_WARN_STRICT_PROTOTYPES = YES;
				CLANG_WARN_SUSPICIOUS_MOVE = YES;
				CLANG_WARN_UNGUARDED_AVAILABILITY = YES_AGGRESSIVE;
				CLANG_WARN_UNREACHABLE_CODE = YES;
				CLANG_WARN__DUPLICATE_METHOD_MATCH = YES;
				COPY_PHASE_STRIP = NO;
				DEBUG_INFORMATION_FORMAT = "dwarf-with-dsym";
				ENABLE_NS_ASSERTIONS = NO;
				ENABLE_STRICT_OBJC_MSGSEND = YES;
				ENABLE_USER_SCRIPT_SANDBOXING = YES;
				GCC_C_LANGUAGE_STANDARD = gnu17;
				GCC_NO_COMMON_BLOCKS = YES;
				GCC_WARN_64_TO_32_BIT_CONVERSION = YES;
				GCC_WARN_ABOUT_RETURN_TYPE = YES_ERROR;
				GCC_WARN_UNDECLARED_SELECTOR = YES;
				GCC_WARN_UNINITIALIZED_AUTOS = YES_AGGRESSIVE;
				GCC_WARN_UNUSED_FUNCTION = YES;
				GCC_WARN_UNUSED_VARIABLE = YES;
				LOCALIZATION_PREFERS_STRING_CATALOGS = YES;
				MTL_ENABLE_DEBUG_INFO = NO;
				MTL_FAST_MATH = YES;
				SWIFT_COMPILATION_MODE = wholemodule;
			};
			name = Release;
		};
		AC9B46562CA655110064719B /* Debug */ = {
			isa = XCBuildConfiguration;
			buildSettings = {
				ASSETCATALOG_COMPILER_APPICON_NAME = AppIcon;
				ASSETCATALOG_COMPILER_GLOBAL_ACCENT_COLOR_NAME = AccentColor;
				CODE_SIGN_ENTITLEMENTS = "USC-KSEA-iOSApp/USC_KSEA_iOSApp.entitlements";
				CODE_SIGN_STYLE = Automatic;
				CURRENT_PROJECT_VERSION = 1;
				DEVELOPMENT_ASSET_PATHS = "\"USC-KSEA-iOSApp/Preview Content\"";
				DEVELOPMENT_TEAM = 9U78BR5F7H;
				ENABLE_HARDENED_RUNTIME = YES;
				ENABLE_PREVIEWS = YES;
				GENERATE_INFOPLIST_FILE = YES;
				"INFOPLIST_KEY_UIApplicationSceneManifest_Generation[sdk=iphoneos*]" = YES;
				"INFOPLIST_KEY_UIApplicationSceneManifest_Generation[sdk=iphonesimulator*]" = YES;
				"INFOPLIST_KEY_UIApplicationSupportsIndirectInputEvents[sdk=iphoneos*]" = YES;
				"INFOPLIST_KEY_UIApplicationSupportsIndirectInputEvents[sdk=iphonesimulator*]" = YES;
				"INFOPLIST_KEY_UILaunchScreen_Generation[sdk=iphoneos*]" = YES;
				"INFOPLIST_KEY_UILaunchScreen_Generation[sdk=iphonesimulator*]" = YES;
				"INFOPLIST_KEY_UIStatusBarStyle[sdk=iphoneos*]" = UIStatusBarStyleDefault;
				"INFOPLIST_KEY_UIStatusBarStyle[sdk=iphonesimulator*]" = UIStatusBarStyleDefault;
				INFOPLIST_KEY_UISupportedInterfaceOrientations_iPad = "UIInterfaceOrientationPortrait UIInterfaceOrientationPortraitUpsideDown UIInterfaceOrientationLandscapeLeft UIInterfaceOrientationLandscapeRight";
				INFOPLIST_KEY_UISupportedInterfaceOrientations_iPhone = "UIInterfaceOrientationPortrait UIInterfaceOrientationLandscapeLeft UIInterfaceOrientationLandscapeRight";
				IPHONEOS_DEPLOYMENT_TARGET = 17.4;
				LD_RUNPATH_SEARCH_PATHS = "@executable_path/Frameworks";
				"LD_RUNPATH_SEARCH_PATHS[sdk=macosx*]" = "@executable_path/../Frameworks";
				MACOSX_DEPLOYMENT_TARGET = 14.1;
				MARKETING_VERSION = 1.0;
				PRODUCT_BUNDLE_IDENTIFIER = "USCKSEA.USC-KSEA-iOSApp";
				PRODUCT_NAME = "$(TARGET_NAME)";
				SDKROOT = auto;
				SUPPORTED_PLATFORMS = "iphoneos iphonesimulator macosx";
				SWIFT_EMIT_LOC_STRINGS = YES;
				SWIFT_VERSION = 5.0;
				TARGETED_DEVICE_FAMILY = "1,2";
			};
			name = Debug;
		};
		AC9B46572CA655110064719B /* Release */ = {
			isa = XCBuildConfiguration;
			buildSettings = {
				ASSETCATALOG_COMPILER_APPICON_NAME = AppIcon;
				ASSETCATALOG_COMPILER_GLOBAL_ACCENT_COLOR_NAME = AccentColor;
				CODE_SIGN_ENTITLEMENTS = "USC-KSEA-iOSApp/USC_KSEA_iOSApp.entitlements";
				CODE_SIGN_STYLE = Automatic;
				CURRENT_PROJECT_VERSION = 1;
				DEVELOPMENT_ASSET_PATHS = "\"USC-KSEA-iOSApp/Preview Content\"";
				DEVELOPMENT_TEAM = 9U78BR5F7H;
				ENABLE_HARDENED_RUNTIME = YES;
				ENABLE_PREVIEWS = YES;
				GENERATE_INFOPLIST_FILE = YES;
				"INFOPLIST_KEY_UIApplicationSceneManifest_Generation[sdk=iphoneos*]" = YES;
				"INFOPLIST_KEY_UIApplicationSceneManifest_Generation[sdk=iphonesimulator*]" = YES;
				"INFOPLIST_KEY_UIApplicationSupportsIndirectInputEvents[sdk=iphoneos*]" = YES;
				"INFOPLIST_KEY_UIApplicationSupportsIndirectInputEvents[sdk=iphonesimulator*]" = YES;
				"INFOPLIST_KEY_UILaunchScreen_Generation[sdk=iphoneos*]" = YES;
				"INFOPLIST_KEY_UILaunchScreen_Generation[sdk=iphonesimulator*]" = YES;
				"INFOPLIST_KEY_UIStatusBarStyle[sdk=iphoneos*]" = UIStatusBarStyleDefault;
				"INFOPLIST_KEY_UIStatusBarStyle[sdk=iphonesimulator*]" = UIStatusBarStyleDefault;
				INFOPLIST_KEY_UISupportedInterfaceOrientations_iPad = "UIInterfaceOrientationPortrait UIInterfaceOrientationPortraitUpsideDown UIInterfaceOrientationLandscapeLeft UIInterfaceOrientationLandscapeRight";
				INFOPLIST_KEY_UISupportedInterfaceOrientations_iPhone = "UIInterfaceOrientationPortrait UIInterfaceOrientationLandscapeLeft UIInterfaceOrientationLandscapeRight";
				IPHONEOS_DEPLOYMENT_TARGET = 17.4;
				LD_RUNPATH_SEARCH_PATHS = "@executable_path/Frameworks";
				"LD_RUNPATH_SEARCH_PATHS[sdk=macosx*]" = "@executable_path/../Frameworks";
				MACOSX_DEPLOYMENT_TARGET = 14.1;
				MARKETING_VERSION = 1.0;
				PRODUCT_BUNDLE_IDENTIFIER = "USCKSEA.USC-KSEA-iOSApp";
				PRODUCT_NAME = "$(TARGET_NAME)";
				SDKROOT = auto;
				SUPPORTED_PLATFORMS = "iphoneos iphonesimulator macosx";
				SWIFT_EMIT_LOC_STRINGS = YES;
				SWIFT_VERSION = 5.0;
				TARGETED_DEVICE_FAMILY = "1,2";
			};
			name = Release;
		};
		AC9B46592CA655110064719B /* Debug */ = {
			isa = XCBuildConfiguration;
			buildSettings = {
				ALWAYS_EMBED_SWIFT_STANDARD_LIBRARIES = YES;
				BUNDLE_LOADER = "$(TEST_HOST)";
				CODE_SIGN_STYLE = Automatic;
				CURRENT_PROJECT_VERSION = 1;
				DEVELOPMENT_TEAM = 9U78BR5F7H;
				GENERATE_INFOPLIST_FILE = YES;
				IPHONEOS_DEPLOYMENT_TARGET = 17.4;
				MACOSX_DEPLOYMENT_TARGET = 14.1;
				MARKETING_VERSION = 1.0;
				PRODUCT_BUNDLE_IDENTIFIER = "USCKSEA.USC-KSEA-iOSAppTests";
				PRODUCT_NAME = "$(TARGET_NAME)";
				SDKROOT = auto;
				SUPPORTED_PLATFORMS = "iphoneos iphonesimulator macosx";
				SWIFT_EMIT_LOC_STRINGS = NO;
				SWIFT_VERSION = 5.0;
				TARGETED_DEVICE_FAMILY = "1,2";
				TEST_HOST = "$(BUILT_PRODUCTS_DIR)/USC-KSEA-iOSApp.app/$(BUNDLE_EXECUTABLE_FOLDER_PATH)/USC-KSEA-iOSApp";
			};
			name = Debug;
		};
		AC9B465A2CA655110064719B /* Release */ = {
			isa = XCBuildConfiguration;
			buildSettings = {
				ALWAYS_EMBED_SWIFT_STANDARD_LIBRARIES = YES;
				BUNDLE_LOADER = "$(TEST_HOST)";
				CODE_SIGN_STYLE = Automatic;
				CURRENT_PROJECT_VERSION = 1;
				DEVELOPMENT_TEAM = 9U78BR5F7H;
				GENERATE_INFOPLIST_FILE = YES;
				IPHONEOS_DEPLOYMENT_TARGET = 17.4;
				MACOSX_DEPLOYMENT_TARGET = 14.1;
				MARKETING_VERSION = 1.0;
				PRODUCT_BUNDLE_IDENTIFIER = "USCKSEA.USC-KSEA-iOSAppTests";
				PRODUCT_NAME = "$(TARGET_NAME)";
				SDKROOT = auto;
				SUPPORTED_PLATFORMS = "iphoneos iphonesimulator macosx";
				SWIFT_EMIT_LOC_STRINGS = NO;
				SWIFT_VERSION = 5.0;
				TARGETED_DEVICE_FAMILY = "1,2";
				TEST_HOST = "$(BUILT_PRODUCTS_DIR)/USC-KSEA-iOSApp.app/$(BUNDLE_EXECUTABLE_FOLDER_PATH)/USC-KSEA-iOSApp";
			};
			name = Release;
		};
		AC9B465C2CA655110064719B /* Debug */ = {
			isa = XCBuildConfiguration;
			buildSettings = {
				ALWAYS_EMBED_SWIFT_STANDARD_LIBRARIES = YES;
				CODE_SIGN_STYLE = Automatic;
				CURRENT_PROJECT_VERSION = 1;
				DEVELOPMENT_TEAM = 9U78BR5F7H;
				GENERATE_INFOPLIST_FILE = YES;
				IPHONEOS_DEPLOYMENT_TARGET = 17.4;
				MACOSX_DEPLOYMENT_TARGET = 14.1;
				MARKETING_VERSION = 1.0;
				PRODUCT_BUNDLE_IDENTIFIER = "USCKSEA.USC-KSEA-iOSAppUITests";
				PRODUCT_NAME = "$(TARGET_NAME)";
				SDKROOT = auto;
				SUPPORTED_PLATFORMS = "iphoneos iphonesimulator macosx";
				SWIFT_EMIT_LOC_STRINGS = NO;
				SWIFT_VERSION = 5.0;
				TARGETED_DEVICE_FAMILY = "1,2";
				TEST_TARGET_NAME = "USC-KSEA-iOSApp";
			};
			name = Debug;
		};
		AC9B465D2CA655110064719B /* Release */ = {
			isa = XCBuildConfiguration;
			buildSettings = {
				ALWAYS_EMBED_SWIFT_STANDARD_LIBRARIES = YES;
				CODE_SIGN_STYLE = Automatic;
				CURRENT_PROJECT_VERSION = 1;
				DEVELOPMENT_TEAM = 9U78BR5F7H;
				GENERATE_INFOPLIST_FILE = YES;
				IPHONEOS_DEPLOYMENT_TARGET = 17.4;
				MACOSX_DEPLOYMENT_TARGET = 14.1;
				MARKETING_VERSION = 1.0;
				PRODUCT_BUNDLE_IDENTIFIER = "USCKSEA.USC-KSEA-iOSAppUITests";
				PRODUCT_NAME = "$(TARGET_NAME)";
				SDKROOT = auto;
				SUPPORTED_PLATFORMS = "iphoneos iphonesimulator macosx";
				SWIFT_EMIT_LOC_STRINGS = NO;
				SWIFT_VERSION = 5.0;
				TARGETED_DEVICE_FAMILY = "1,2";
				TEST_TARGET_NAME = "USC-KSEA-iOSApp";
			};
			name = Release;
		};
/* End XCBuildConfiguration section */

/* Begin XCConfigurationList section */
		AC9B462B2CA655100064719B /* Build configuration list for PBXProject "USC-KSEA-iOSApp" */ = {
			isa = XCConfigurationList;
			buildConfigurations = (
				AC9B46532CA655110064719B /* Debug */,
				AC9B46542CA655110064719B /* Release */,
			);
			defaultConfigurationIsVisible = 0;
			defaultConfigurationName = Release;
		};
		AC9B46552CA655110064719B /* Build configuration list for PBXNativeTarget "USC-KSEA-iOSApp" */ = {
			isa = XCConfigurationList;
			buildConfigurations = (
				AC9B46562CA655110064719B /* Debug */,
				AC9B46572CA655110064719B /* Release */,
			);
			defaultConfigurationIsVisible = 0;
			defaultConfigurationName = Release;
		};
		AC9B46582CA655110064719B /* Build configuration list for PBXNativeTarget "USC-KSEA-iOSAppTests" */ = {
			isa = XCConfigurationList;
			buildConfigurations = (
				AC9B46592CA655110064719B /* Debug */,
				AC9B465A2CA655110064719B /* Release */,
			);
			defaultConfigurationIsVisible = 0;
			defaultConfigurationName = Release;
		};
		AC9B465B2CA655110064719B /* Build configuration list for PBXNativeTarget "USC-KSEA-iOSAppUITests" */ = {
			isa = XCConfigurationList;
			buildConfigurations = (
				AC9B465C2CA655110064719B /* Debug */,
				AC9B465D2CA655110064719B /* Release */,
			);
			defaultConfigurationIsVisible = 0;
			defaultConfigurationName = Release;
		};
/* End XCConfigurationList section */
	};
	rootObject = AC9B46282CA655100064719B /* Project object */;
}
